// !$*UTF8*$!
{
	archiveVersion = 1;
	classes = {
	};
	objectVersion = 46;
	objects = {

/* Begin PBXBuildFile section */
		843760271D6F243F009556C6 /* AppDelegate.swift in Sources */ = {isa = PBXBuildFile; fileRef = 843760261D6F243F009556C6 /* AppDelegate.swift */; };
		843760291D6F243F009556C6 /* ViewController.swift in Sources */ = {isa = PBXBuildFile; fileRef = 843760281D6F243F009556C6 /* ViewController.swift */; };
		8437602C1D6F243F009556C6 /* Main.storyboard in Resources */ = {isa = PBXBuildFile; fileRef = 8437602A1D6F243F009556C6 /* Main.storyboard */; };
		8437602F1D6F243F009556C6 /* bookmaker.xcdatamodeld in Sources */ = {isa = PBXBuildFile; fileRef = 8437602D1D6F243F009556C6 /* bookmaker.xcdatamodeld */; };
		843760311D6F243F009556C6 /* Assets.xcassets in Resources */ = {isa = PBXBuildFile; fileRef = 843760301D6F243F009556C6 /* Assets.xcassets */; };
		843760341D6F243F009556C6 /* LaunchScreen.storyboard in Resources */ = {isa = PBXBuildFile; fileRef = 843760321D6F243F009556C6 /* LaunchScreen.storyboard */; };
		8437603F1D6F243F009556C6 /* bookmakerTests.swift in Sources */ = {isa = PBXBuildFile; fileRef = 8437603E1D6F243F009556C6 /* bookmakerTests.swift */; };
		8437604A1D6F243F009556C6 /* bookmakerUITests.swift in Sources */ = {isa = PBXBuildFile; fileRef = 843760491D6F243F009556C6 /* bookmakerUITests.swift */; };
/* End PBXBuildFile section */

/* Begin PBXContainerItemProxy section */
		8437603B1D6F243F009556C6 /* PBXContainerItemProxy */ = {
			isa = PBXContainerItemProxy;
			containerPortal = 8437601B1D6F243E009556C6 /* Project object */;
			proxyType = 1;
			remoteGlobalIDString = 843760221D6F243F009556C6;
			remoteInfo = bookmaker;
		};
		843760461D6F243F009556C6 /* PBXContainerItemProxy */ = {
			isa = PBXContainerItemProxy;
			containerPortal = 8437601B1D6F243E009556C6 /* Project object */;
			proxyType = 1;
			remoteGlobalIDString = 843760221D6F243F009556C6;
			remoteInfo = bookmaker;
		};
/* End PBXContainerItemProxy section */

/* Begin PBXFileReference section */
		843760231D6F243F009556C6 /* bookmaker.app */ = {isa = PBXFileReference; explicitFileType = wrapper.application; includeInIndex = 0; path = bookmaker.app; sourceTree = BUILT_PRODUCTS_DIR; };
		843760261D6F243F009556C6 /* AppDelegate.swift */ = {isa = PBXFileReference; lastKnownFileType = sourcecode.swift; path = AppDelegate.swift; sourceTree = "<group>"; };
		843760281D6F243F009556C6 /* ViewController.swift */ = {isa = PBXFileReference; lastKnownFileType = sourcecode.swift; path = ViewController.swift; sourceTree = "<group>"; };
		8437602B1D6F243F009556C6 /* Base */ = {isa = PBXFileReference; lastKnownFileType = file.storyboard; name = Base; path = Base.lproj/Main.storyboard; sourceTree = "<group>"; };
		8437602E1D6F243F009556C6 /* bookmaker.xcdatamodel */ = {isa = PBXFileReference; lastKnownFileType = wrapper.xcdatamodel; path = bookmaker.xcdatamodel; sourceTree = "<group>"; };
		843760301D6F243F009556C6 /* Assets.xcassets */ = {isa = PBXFileReference; lastKnownFileType = folder.assetcatalog; path = Assets.xcassets; sourceTree = "<group>"; };
		843760331D6F243F009556C6 /* Base */ = {isa = PBXFileReference; lastKnownFileType = file.storyboard; name = Base; path = Base.lproj/LaunchScreen.storyboard; sourceTree = "<group>"; };
		843760351D6F243F009556C6 /* Info.plist */ = {isa = PBXFileReference; lastKnownFileType = text.plist.xml; path = Info.plist; sourceTree = "<group>"; };
		8437603A1D6F243F009556C6 /* bookmakerTests.xctest */ = {isa = PBXFileReference; explicitFileType = wrapper.cfbundle; includeInIndex = 0; path = bookmakerTests.xctest; sourceTree = BUILT_PRODUCTS_DIR; };
		8437603E1D6F243F009556C6 /* bookmakerTests.swift */ = {isa = PBXFileReference; lastKnownFileType = sourcecode.swift; path = bookmakerTests.swift; sourceTree = "<group>"; };
		843760401D6F243F009556C6 /* Info.plist */ = {isa = PBXFileReference; lastKnownFileType = text.plist.xml; path = Info.plist; sourceTree = "<group>"; };
		843760451D6F243F009556C6 /* bookmakerUITests.xctest */ = {isa = PBXFileReference; explicitFileType = wrapper.cfbundle; includeInIndex = 0; path = bookmakerUITests.xctest; sourceTree = BUILT_PRODUCTS_DIR; };
		843760491D6F243F009556C6 /* bookmakerUITests.swift */ = {isa = PBXFileReference; lastKnownFileType = sourcecode.swift; path = bookmakerUITests.swift; sourceTree = "<group>"; };
		8437604B1D6F243F009556C6 /* Info.plist */ = {isa = PBXFileReference; lastKnownFileType = text.plist.xml; path = Info.plist; sourceTree = "<group>"; };
/* End PBXFileReference section */

/* Begin PBXFrameworksBuildPhase section */
		843760201D6F243F009556C6 /* Frameworks */ = {
			isa = PBXFrameworksBuildPhase;
			buildActionMask = 2147483647;
			files = (
			);
			runOnlyForDeploymentPostprocessing = 0;
		};
		843760371D6F243F009556C6 /* Frameworks */ = {
			isa = PBXFrameworksBuildPhase;
			buildActionMask = 2147483647;
			files = (
			);
			runOnlyForDeploymentPostprocessing = 0;
		};
		843760421D6F243F009556C6 /* Frameworks */ = {
			isa = PBXFrameworksBuildPhase;
			buildActionMask = 2147483647;
			files = (
			);
			runOnlyForDeploymentPostprocessing = 0;
		};
/* End PBXFrameworksBuildPhase section */

/* Begin PBXGroup section */
		8437601A1D6F243E009556C6 = {
			isa = PBXGroup;
			children = (
				843760251D6F243F009556C6 /* bookmaker */,
				8437603D1D6F243F009556C6 /* bookmakerTests */,
				843760481D6F243F009556C6 /* bookmakerUITests */,
				843760241D6F243F009556C6 /* Products */,
			);
			sourceTree = "<group>";
		};
		843760241D6F243F009556C6 /* Products */ = {
			isa = PBXGroup;
			children = (
				843760231D6F243F009556C6 /* bookmaker.app */,
				8437603A1D6F243F009556C6 /* bookmakerTests.xctest */,
				843760451D6F243F009556C6 /* bookmakerUITests.xctest */,
			);
			name = Products;
			sourceTree = "<group>";
		};
		843760251D6F243F009556C6 /* bookmaker */ = {
			isa = PBXGroup;
			children = (
				843760261D6F243F009556C6 /* AppDelegate.swift */,
				843760281D6F243F009556C6 /* ViewController.swift */,
				8437602A1D6F243F009556C6 /* Main.storyboard */,
				843760301D6F243F009556C6 /* Assets.xcassets */,
				843760321D6F243F009556C6 /* LaunchScreen.storyboard */,
				843760351D6F243F009556C6 /* Info.plist */,
				8437602D1D6F243F009556C6 /* bookmaker.xcdatamodeld */,
			);
			path = bookmaker;
			sourceTree = "<group>";
		};
		8437603D1D6F243F009556C6 /* bookmakerTests */ = {
			isa = PBXGroup;
			children = (
				8437603E1D6F243F009556C6 /* bookmakerTests.swift */,
				843760401D6F243F009556C6 /* Info.plist */,
			);
			path = bookmakerTests;
			sourceTree = "<group>";
		};
		843760481D6F243F009556C6 /* bookmakerUITests */ = {
			isa = PBXGroup;
			children = (
				843760491D6F243F009556C6 /* bookmakerUITests.swift */,
				8437604B1D6F243F009556C6 /* Info.plist */,
			);
			path = bookmakerUITests;
			sourceTree = "<group>";
		};
/* End PBXGroup section */

/* Begin PBXNativeTarget section */
		843760221D6F243F009556C6 /* bookmaker */ = {
			isa = PBXNativeTarget;
			buildConfigurationList = 8437604E1D6F243F009556C6 /* Build configuration list for PBXNativeTarget "bookmaker" */;
			buildPhases = (
				8437601F1D6F243F009556C6 /* Sources */,
				843760201D6F243F009556C6 /* Frameworks */,
				843760211D6F243F009556C6 /* Resources */,
			);
			buildRules = (
			);
			dependencies = (
			);
			name = bookmaker;
			productName = bookmaker;
			productReference = 843760231D6F243F009556C6 /* bookmaker.app */;
			productType = "com.apple.product-type.application";
		};
		843760391D6F243F009556C6 /* bookmakerTests */ = {
			isa = PBXNativeTarget;
			buildConfigurationList = 843760511D6F243F009556C6 /* Build configuration list for PBXNativeTarget "bookmakerTests" */;
			buildPhases = (
				843760361D6F243F009556C6 /* Sources */,
				843760371D6F243F009556C6 /* Frameworks */,
				843760381D6F243F009556C6 /* Resources */,
			);
			buildRules = (
			);
			dependencies = (
				8437603C1D6F243F009556C6 /* PBXTargetDependency */,
			);
			name = bookmakerTests;
			productName = bookmakerTests;
			productReference = 8437603A1D6F243F009556C6 /* bookmakerTests.xctest */;
			productType = "com.apple.product-type.bundle.unit-test";
		};
		843760441D6F243F009556C6 /* bookmakerUITests */ = {
			isa = PBXNativeTarget;
			buildConfigurationList = 843760541D6F243F009556C6 /* Build configuration list for PBXNativeTarget "bookmakerUITests" */;
			buildPhases = (
				843760411D6F243F009556C6 /* Sources */,
				843760421D6F243F009556C6 /* Frameworks */,
				843760431D6F243F009556C6 /* Resources */,
			);
			buildRules = (
			);
			dependencies = (
				843760471D6F243F009556C6 /* PBXTargetDependency */,
			);
			name = bookmakerUITests;
			productName = bookmakerUITests;
			productReference = 843760451D6F243F009556C6 /* bookmakerUITests.xctest */;
			productType = "com.apple.product-type.bundle.ui-testing";
		};
/* End PBXNativeTarget section */

/* Begin PBXProject section */
		8437601B1D6F243E009556C6 /* Project object */ = {
			isa = PBXProject;
			attributes = {
				LastSwiftUpdateCheck = 0730;
				LastUpgradeCheck = 0730;
				ORGANIZATIONNAME = Admin;
				TargetAttributes = {
					843760221D6F243F009556C6 = {
						CreatedOnToolsVersion = 7.3.1;
					};
					843760391D6F243F009556C6 = {
						CreatedOnToolsVersion = 7.3.1;
						TestTargetID = 843760221D6F243F009556C6;
					};
					843760441D6F243F009556C6 = {
						CreatedOnToolsVersion = 7.3.1;
						TestTargetID = 843760221D6F243F009556C6;
					};
				};
			};
			buildConfigurationList = 8437601E1D6F243E009556C6 /* Build configuration list for PBXProject "bookmaker" */;
			compatibilityVersion = "Xcode 3.2";
			developmentRegion = English;
			hasScannedForEncodings = 0;
			knownRegions = (
				en,
				Base,
			);
			mainGroup = 8437601A1D6F243E009556C6;
			productRefGroup = 843760241D6F243F009556C6 /* Products */;
			projectDirPath = "";
			projectRoot = "";
			targets = (
				843760221D6F243F009556C6 /* bookmaker */,
				843760391D6F243F009556C6 /* bookmakerTests */,
				843760441D6F243F009556C6 /* bookmakerUITests */,
			);
		};
/* End PBXProject section */

/* Begin PBXResourcesBuildPhase section */
		843760211D6F243F009556C6 /* Resources */ = {
			isa = PBXResourcesBuildPhase;
			buildActionMask = 2147483647;
			files = (
				843760341D6F243F009556C6 /* LaunchScreen.storyboard in Resources */,
				843760311D6F243F009556C6 /* Assets.xcassets in Resources */,
				8437602C1D6F243F009556C6 /* Main.storyboard in Resources */,
			);
			runOnlyForDeploymentPostprocessing = 0;
		};
		843760381D6F243F009556C6 /* Resources */ = {
			isa = PBXResourcesBuildPhase;
			buildActionMask = 2147483647;
			files = (
			);
			runOnlyForDeploymentPostprocessing = 0;
		};
		843760431D6F243F009556C6 /* Resources */ = {
			isa = PBXResourcesBuildPhase;
			buildActionMask = 2147483647;
			files = (
			);
			runOnlyForDeploymentPostprocessing = 0;
		};
/* End PBXResourcesBuildPhase section */

/* Begin PBXSourcesBuildPhase section */
		8437601F1D6F243F009556C6 /* Sources */ = {
			isa = PBXSourcesBuildPhase;
			buildActionMask = 2147483647;
			files = (
				843760291D6F243F009556C6 /* ViewController.swift in Sources */,
				8437602F1D6F243F009556C6 /* bookmaker.xcdatamodeld in Sources */,
				843760271D6F243F009556C6 /* AppDelegate.swift in Sources */,
			);
			runOnlyForDeploymentPostprocessing = 0;
		};
		843760361D6F243F009556C6 /* Sources */ = {
			isa = PBXSourcesBuildPhase;
			buildActionMask = 2147483647;
			files = (
				8437603F1D6F243F009556C6 /* bookmakerTests.swift in Sources */,
			);
			runOnlyForDeploymentPostprocessing = 0;
		};
		843760411D6F243F009556C6 /* Sources */ = {
			isa = PBXSourcesBuildPhase;
			buildActionMask = 2147483647;
			files = (
				8437604A1D6F243F009556C6 /* bookmakerUITests.swift in Sources */,
			);
			runOnlyForDeploymentPostprocessing = 0;
		};
/* End PBXSourcesBuildPhase section */

/* Begin PBXTargetDependency section */
		8437603C1D6F243F009556C6 /* PBXTargetDependency */ = {
			isa = PBXTargetDependency;
			target = 843760221D6F243F009556C6 /* bookmaker */;
			targetProxy = 8437603B1D6F243F009556C6 /* PBXContainerItemProxy */;
		};
		843760471D6F243F009556C6 /* PBXTargetDependency */ = {
			isa = PBXTargetDependency;
			target = 843760221D6F243F009556C6 /* bookmaker */;
			targetProxy = 843760461D6F243F009556C6 /* PBXContainerItemProxy */;
		};
/* End PBXTargetDependency section */

/* Begin PBXVariantGroup section */
		8437602A1D6F243F009556C6 /* Main.storyboard */ = {
			isa = PBXVariantGroup;
			children = (
				8437602B1D6F243F009556C6 /* Base */,
			);
			name = Main.storyboard;
			sourceTree = "<group>";
		};
		843760321D6F243F009556C6 /* LaunchScreen.storyboard */ = {
			isa = PBXVariantGroup;
			children = (
				843760331D6F243F009556C6 /* Base */,
			);
			name = LaunchScreen.storyboard;
			sourceTree = "<group>";
		};
/* End PBXVariantGroup section */

/* Begin XCBuildConfiguration section */
		8437604C1D6F243F009556C6 /* Debug */ = {
			isa = XCBuildConfiguration;
			buildSettings = {
				ALWAYS_SEARCH_USER_PATHS = NO;
				CLANG_ANALYZER_NONNULL = YES;
				CLANG_CXX_LANGUAGE_STANDARD = "gnu++0x";
				CLANG_CXX_LIBRARY = "libc++";
				CLANG_ENABLE_MODULES = YES;
				CLANG_ENABLE_OBJC_ARC = YES;
				CLANG_WARN_BOOL_CONVERSION = YES;
				CLANG_WARN_CONSTANT_CONVERSION = YES;
				CLANG_WARN_DIRECT_OBJC_ISA_USAGE = YES_ERROR;
				CLANG_WARN_EMPTY_BODY = YES;
				CLANG_WARN_ENUM_CONVERSION = YES;
				CLANG_WARN_INT_CONVERSION = YES;
				CLANG_WARN_OBJC_ROOT_CLASS = YES_ERROR;
				CLANG_WARN_UNREACHABLE_CODE = YES;
				CLANG_WARN__DUPLICATE_METHOD_MATCH = YES;
				"CODE_SIGN_IDENTITY[sdk=iphoneos*]" = "iPhone Developer";
				COPY_PHASE_STRIP = NO;
				DEBUG_INFORMATION_FORMAT = dwarf;
				ENABLE_STRICT_OBJC_MSGSEND = YES;
				ENABLE_TESTABILITY = YES;
				GCC_C_LANGUAGE_STANDARD = gnu99;
				GCC_DYNAMIC_NO_PIC = NO;
				GCC_NO_COMMON_BLOCKS = YES;
				GCC_OPTIMIZATION_LEVEL = 0;
				GCC_PREPROCESSOR_DEFINITIONS = (
					"DEBUG=1",
					"$(inherited)",
				);
				GCC_WARN_64_TO_32_BIT_CONVERSION = YES;
				GCC_WARN_ABOUT_RETURN_TYPE = YES_ERROR;
				GCC_WARN_UNDECLARED_SELECTOR = YES;
				GCC_WARN_UNINITIALIZED_AUTOS = YES_AGGRESSIVE;
				GCC_WARN_UNUSED_FUNCTION = YES;
				GCC_WARN_UNUSED_VARIABLE = YES;
				IPHONEOS_DEPLOYMENT_TARGET = 9.3;
				MTL_ENABLE_DEBUG_INFO = YES;
				ONLY_ACTIVE_ARCH = YES;
				SDKROOT = iphoneos;
				SWIFT_OPTIMIZATION_LEVEL = "-Onone";
				TARGETED_DEVICE_FAMILY = "1,2";
			};
			name = Debug;
		};
		8437604D1D6F243F009556C6 /* Release */ = {
			isa = XCBuildConfiguration;
			buildSettings = {
				ALWAYS_SEARCH_USER_PATHS = NO;
				CLANG_ANALYZER_NONNULL = YES;
				CLANG_CXX_LANGUAGE_STANDARD = "gnu++0x";
				CLANG_CXX_LIBRARY = "libc++";
				CLANG_ENABLE_MODULES = YES;
				CLANG_ENABLE_OBJC_ARC = YES;
				CLANG_WARN_BOOL_CONVERSION = YES;
				CLANG_WARN_CONSTANT_CONVERSION = YES;
				CLANG_WARN_DIRECT_OBJC_ISA_USAGE = YES_ERROR;
				CLANG_WARN_EMPTY_BODY = YES;
				CLANG_WARN_ENUM_CONVERSION = YES;
				CLANG_WARN_INT_CONVERSION = YES;
				CLANG_WARN_OBJC_ROOT_CLASS = YES_ERROR;
				CLANG_WARN_UNREACHABLE_CODE = YES;
				CLANG_WARN__DUPLICATE_METHOD_MATCH = YES;
				"CODE_SIGN_IDENTITY[sdk=iphoneos*]" = "iPhone Developer";
				COPY_PHASE_STRIP = NO;
				DEBUG_INFORMATION_FORMAT = "dwarf-with-dsym";
				ENABLE_NS_ASSERTIONS = NO;
				ENABLE_STRICT_OBJC_MSGSEND = YES;
				GCC_C_LANGUAGE_STANDARD = gnu99;
				GCC_NO_COMMON_BLOCKS = YES;
				GCC_WARN_64_TO_32_BIT_CONVERSION = YES;
				GCC_WARN_ABOUT_RETURN_TYPE = YES_ERROR;
				GCC_WARN_UNDECLARED_SELECTOR = YES;
				GCC_WARN_UNINITIALIZED_AUTOS = YES_AGGRESSIVE;
				GCC_WARN_UNUSED_FUNCTION = YES;
				GCC_WARN_UNUSED_VARIABLE = YES;
				IPHONEOS_DEPLOYMENT_TARGET = 9.3;
				MTL_ENABLE_DEBUG_INFO = NO;
				SDKROOT = iphoneos;
				TARGETED_DEVICE_FAMILY = "1,2";
				VALIDATE_PRODUCT = YES;
			};
			name = Release;
		};
		8437604F1D6F243F009556C6 /* Debug */ = {
			isa = XCBuildConfiguration;
			buildSettings = {
				ASSETCATALOG_COMPILER_APPICON_NAME = AppIcon;
				INFOPLIST_FILE = bookmaker/Info.plist;
				LD_RUNPATH_SEARCH_PATHS = "$(inherited) @executable_path/Frameworks";
				PRODUCT_BUNDLE_IDENTIFIER = com.moneyteam.bookmaker;
				PRODUCT_NAME = "$(TARGET_NAME)";
			};
			name = Debug;
		};
		843760501D6F243F009556C6 /* Release */ = {
			isa = XCBuildConfiguration;
			buildSettings = {
				ASSETCATALOG_COMPILER_APPICON_NAME = AppIcon;
				INFOPLIST_FILE = bookmaker/Info.plist;
				LD_RUNPATH_SEARCH_PATHS = "$(inherited) @executable_path/Frameworks";
				PRODUCT_BUNDLE_IDENTIFIER = com.moneyteam.bookmaker;
				PRODUCT_NAME = "$(TARGET_NAME)";
			};
			name = Release;
		};
		843760521D6F243F009556C6 /* Debug */ = {
			isa = XCBuildConfiguration;
			buildSettings = {
				BUNDLE_LOADER = "$(TEST_HOST)";
				INFOPLIST_FILE = bookmakerTests/Info.plist;
				LD_RUNPATH_SEARCH_PATHS = "$(inherited) @executable_path/Frameworks @loader_path/Frameworks";
				PRODUCT_BUNDLE_IDENTIFIER = com.moneyteam.bookmakerTests;
				PRODUCT_NAME = "$(TARGET_NAME)";
				TEST_HOST = "$(BUILT_PRODUCTS_DIR)/bookmaker.app/bookmaker";
			};
			name = Debug;
		};
		843760531D6F243F009556C6 /* Release */ = {
			isa = XCBuildConfiguration;
			buildSettings = {
				BUNDLE_LOADER = "$(TEST_HOST)";
				INFOPLIST_FILE = bookmakerTests/Info.plist;
				LD_RUNPATH_SEARCH_PATHS = "$(inherited) @executable_path/Frameworks @loader_path/Frameworks";
				PRODUCT_BUNDLE_IDENTIFIER = com.moneyteam.bookmakerTests;
				PRODUCT_NAME = "$(TARGET_NAME)";
				TEST_HOST = "$(BUILT_PRODUCTS_DIR)/bookmaker.app/bookmaker";
			};
			name = Release;
		};
		843760551D6F243F009556C6 /* Debug */ = {
			isa = XCBuildConfiguration;
			buildSettings = {
				INFOPLIST_FILE = bookmakerUITests/Info.plist;
				LD_RUNPATH_SEARCH_PATHS = "$(inherited) @executable_path/Frameworks @loader_path/Frameworks";
				PRODUCT_BUNDLE_IDENTIFIER = com.moneyteam.bookmakerUITests;
				PRODUCT_NAME = "$(TARGET_NAME)";
				TEST_TARGET_NAME = bookmaker;
			};
			name = Debug;
		};
		843760561D6F243F009556C6 /* Release */ = {
			isa = XCBuildConfiguration;
			buildSettings = {
				INFOPLIST_FILE = bookmakerUITests/Info.plist;
				LD_RUNPATH_SEARCH_PATHS = "$(inherited) @executable_path/Frameworks @loader_path/Frameworks";
				PRODUCT_BUNDLE_IDENTIFIER = com.moneyteam.bookmakerUITests;
				PRODUCT_NAME = "$(TARGET_NAME)";
				TEST_TARGET_NAME = bookmaker;
			};
			name = Release;
		};
/* End XCBuildConfiguration section */

/* Begin XCConfigurationList section */
		8437601E1D6F243E009556C6 /* Build configuration list for PBXProject "bookmaker" */ = {
			isa = XCConfigurationList;
			buildConfigurations = (
				8437604C1D6F243F009556C6 /* Debug */,
				8437604D1D6F243F009556C6 /* Release */,
			);
			defaultConfigurationIsVisible = 0;
			defaultConfigurationName = Release;
		};
		8437604E1D6F243F009556C6 /* Build configuration list for PBXNativeTarget "bookmaker" */ = {
			isa = XCConfigurationList;
			buildConfigurations = (
				8437604F1D6F243F009556C6 /* Debug */,
				843760501D6F243F009556C6 /* Release */,
			);
			defaultConfigurationIsVisible = 0;
		};
		843760511D6F243F009556C6 /* Build configuration list for PBXNativeTarget "bookmakerTests" */ = {
			isa = XCConfigurationList;
			buildConfigurations = (
				843760521D6F243F009556C6 /* Debug */,
				843760531D6F243F009556C6 /* Release */,
			);
			defaultConfigurationIsVisible = 0;
		};
		843760541D6F243F009556C6 /* Build configuration list for PBXNativeTarget "bookmakerUITests" */ = {
			isa = XCConfigurationList;
			buildConfigurations = (
				843760551D6F243F009556C6 /* Debug */,
				843760561D6F243F009556C6 /* Release */,
			);
			defaultConfigurationIsVisible = 0;
		};
/* End XCConfigurationList section */

/* Begin XCVersionGroup section */
		8437602D1D6F243F009556C6 /* bookmaker.xcdatamodeld */ = {
			isa = XCVersionGroup;
			children = (
				8437602E1D6F243F009556C6 /* bookmaker.xcdatamodel */,
			);
			currentVersion = 8437602E1D6F243F009556C6 /* bookmaker.xcdatamodel */;
			path = bookmaker.xcdatamodeld;
			sourceTree = "<group>";
			versionGroupType = wrapper.xcdatamodel;
		};
/* End XCVersionGroup section */
	};
	rootObject = 8437601B1D6F243E009556C6 /* Project object */;
}
